// !$*UTF8*$!
{
	archiveVersion = 1;
	classes = {
	};
	objectVersion = 56;
	objects = {

/* Begin PBXBuildFile section */
		6FF08B00298E861E004C1871 /* Pokemon_6_PackApp.swift in Sources */ = {isa = PBXBuildFile; fileRef = 6FF08AFF298E861E004C1871 /* Pokemon_6_PackApp.swift */; };
		6FF08B02298E861E004C1871 /* ContentView.swift in Sources */ = {isa = PBXBuildFile; fileRef = 6FF08B01298E861E004C1871 /* ContentView.swift */; };
		6FF08B04298E861F004C1871 /* Assets.xcassets in Resources */ = {isa = PBXBuildFile; fileRef = 6FF08B03298E861F004C1871 /* Assets.xcassets */; };
		6FF08B07298E861F004C1871 /* Preview Assets.xcassets in Resources */ = {isa = PBXBuildFile; fileRef = 6FF08B06298E861F004C1871 /* Preview Assets.xcassets */; };
		6FF08B14298E9EAF004C1871 /* TabBar.swift in Sources */ = {isa = PBXBuildFile; fileRef = 6FF08B13298E9EAF004C1871 /* TabBar.swift */; };
		6FF08B16298E9FE4004C1871 /* PokedexView.swift in Sources */ = {isa = PBXBuildFile; fileRef = 6FF08B15298E9FE4004C1871 /* PokedexView.swift */; };
		6FF08B18298E9FF6004C1871 /* TeamView.swift in Sources */ = {isa = PBXBuildFile; fileRef = 6FF08B17298E9FF6004C1871 /* TeamView.swift */; };
		6FF08B1A298EA010004C1871 /* SettingsView.swift in Sources */ = {isa = PBXBuildFile; fileRef = 6FF08B19298EA010004C1871 /* SettingsView.swift */; };
		6FF08B1C298EA6BA004C1871 /* PokemonModel.swift in Sources */ = {isa = PBXBuildFile; fileRef = 6FF08B1B298EA6BA004C1871 /* PokemonModel.swift */; };
		6FF08B1E298EAC73004C1871 /* PokemonViewModel.swift in Sources */ = {isa = PBXBuildFile; fileRef = 6FF08B1D298EAC73004C1871 /* PokemonViewModel.swift */; };
		6FF08B20298EAFAA004C1871 /* PokedexList.swift in Sources */ = {isa = PBXBuildFile; fileRef = 6FF08B1F298EAFAA004C1871 /* PokedexList.swift */; };
		6FF08B22298EB036004C1871 /* PokemonView.swift in Sources */ = {isa = PBXBuildFile; fileRef = 6FF08B21298EB036004C1871 /* PokemonView.swift */; };
		6FF08B24298EB3F9004C1871 /* PokemonCard.swift in Sources */ = {isa = PBXBuildFile; fileRef = 6FF08B23298EB3F9004C1871 /* PokemonCard.swift */; };
		6FF08B29298ECE81004C1871 /* HTMLParser.swift in Sources */ = {isa = PBXBuildFile; fileRef = 6FF08B28298ECE81004C1871 /* HTMLParser.swift */; };
		6FF08B2C298ECFCC004C1871 /* SwiftSoup in Frameworks */ = {isa = PBXBuildFile; productRef = 6FF08B2B298ECFCC004C1871 /* SwiftSoup */; };
		6FF08B2F298ED011004C1871 /* Alamofire in Frameworks */ = {isa = PBXBuildFile; productRef = 6FF08B2E298ED011004C1871 /* Alamofire */; };
		6FF08B322992CC81004C1871 /* UICircularProgressRing in Frameworks */ = {isa = PBXBuildFile; productRef = 6FF08B312992CC81004C1871 /* UICircularProgressRing */; };
		6FF08B3529ABA4F6004C1871 /* PokemonLocalViewModel.swift in Sources */ = {isa = PBXBuildFile; fileRef = 6FF08B3429ABA4F6004C1871 /* PokemonLocalViewModel.swift */; };
		6FF08B3629ABADE3004C1871 /* pokemon_db.json in Resources */ = {isa = PBXBuildFile; fileRef = 6FF08B3329ABA3E7004C1871 /* pokemon_db.json */; };
		6FF08B3929ABC6F4004C1871 /* PokemonStatsBarView.swift in Sources */ = {isa = PBXBuildFile; fileRef = 6FF08B3829ABC6F4004C1871 /* PokemonStatsBarView.swift */; };
/* End PBXBuildFile section */

/* Begin PBXFileReference section */
		6FF08AFC298E861E004C1871 /* Pokemon-6-Pack.app */ = {isa = PBXFileReference; explicitFileType = wrapper.application; includeInIndex = 0; path = "Pokemon-6-Pack.app"; sourceTree = BUILT_PRODUCTS_DIR; };
		6FF08AFF298E861E004C1871 /* Pokemon_6_PackApp.swift */ = {isa = PBXFileReference; lastKnownFileType = sourcecode.swift; path = Pokemon_6_PackApp.swift; sourceTree = "<group>"; };
		6FF08B01298E861E004C1871 /* ContentView.swift */ = {isa = PBXFileReference; lastKnownFileType = sourcecode.swift; path = ContentView.swift; sourceTree = "<group>"; };
		6FF08B03298E861F004C1871 /* Assets.xcassets */ = {isa = PBXFileReference; lastKnownFileType = folder.assetcatalog; path = Assets.xcassets; sourceTree = "<group>"; };
		6FF08B06298E861F004C1871 /* Preview Assets.xcassets */ = {isa = PBXFileReference; lastKnownFileType = folder.assetcatalog; path = "Preview Assets.xcassets"; sourceTree = "<group>"; };
		6FF08B13298E9EAF004C1871 /* TabBar.swift */ = {isa = PBXFileReference; lastKnownFileType = sourcecode.swift; path = TabBar.swift; sourceTree = "<group>"; };
		6FF08B15298E9FE4004C1871 /* PokedexView.swift */ = {isa = PBXFileReference; lastKnownFileType = sourcecode.swift; path = PokedexView.swift; sourceTree = "<group>"; };
		6FF08B17298E9FF6004C1871 /* TeamView.swift */ = {isa = PBXFileReference; lastKnownFileType = sourcecode.swift; path = TeamView.swift; sourceTree = "<group>"; };
		6FF08B19298EA010004C1871 /* SettingsView.swift */ = {isa = PBXFileReference; lastKnownFileType = sourcecode.swift; path = SettingsView.swift; sourceTree = "<group>"; };
		6FF08B1B298EA6BA004C1871 /* PokemonModel.swift */ = {isa = PBXFileReference; lastKnownFileType = sourcecode.swift; path = PokemonModel.swift; sourceTree = "<group>"; };
		6FF08B1D298EAC73004C1871 /* PokemonViewModel.swift */ = {isa = PBXFileReference; lastKnownFileType = sourcecode.swift; path = PokemonViewModel.swift; sourceTree = "<group>"; };
		6FF08B1F298EAFAA004C1871 /* PokedexList.swift */ = {isa = PBXFileReference; lastKnownFileType = sourcecode.swift; path = PokedexList.swift; sourceTree = "<group>"; };
		6FF08B21298EB036004C1871 /* PokemonView.swift */ = {isa = PBXFileReference; lastKnownFileType = sourcecode.swift; path = PokemonView.swift; sourceTree = "<group>"; };
		6FF08B23298EB3F9004C1871 /* PokemonCard.swift */ = {isa = PBXFileReference; lastKnownFileType = sourcecode.swift; path = PokemonCard.swift; sourceTree = "<group>"; };
		6FF08B28298ECE81004C1871 /* HTMLParser.swift */ = {isa = PBXFileReference; lastKnownFileType = sourcecode.swift; path = HTMLParser.swift; sourceTree = "<group>"; };
		6FF08B3329ABA3E7004C1871 /* pokemon_db.json */ = {isa = PBXFileReference; lastKnownFileType = text.json; path = pokemon_db.json; sourceTree = "<group>"; };
		6FF08B3429ABA4F6004C1871 /* PokemonLocalViewModel.swift */ = {isa = PBXFileReference; lastKnownFileType = sourcecode.swift; path = PokemonLocalViewModel.swift; sourceTree = "<group>"; };
		6FF08B3829ABC6F4004C1871 /* PokemonStatsBarView.swift */ = {isa = PBXFileReference; lastKnownFileType = sourcecode.swift; path = PokemonStatsBarView.swift; sourceTree = "<group>"; };
/* End PBXFileReference section */

/* Begin PBXFrameworksBuildPhase section */
		6FF08AF9298E861E004C1871 /* Frameworks */ = {
			isa = PBXFrameworksBuildPhase;
			buildActionMask = 2147483647;
			files = (
				6FF08B322992CC81004C1871 /* UICircularProgressRing in Frameworks */,
				6FF08B2C298ECFCC004C1871 /* SwiftSoup in Frameworks */,
				6FF08B2F298ED011004C1871 /* Alamofire in Frameworks */,
			);
			runOnlyForDeploymentPostprocessing = 0;
		};
/* End PBXFrameworksBuildPhase section */

/* Begin PBXGroup section */
		6FF08AF3298E861E004C1871 = {
			isa = PBXGroup;
			children = (
				6FF08AFE298E861E004C1871 /* Pokemon-6-Pack */,
				6FF08AFD298E861E004C1871 /* Products */,
			);
			sourceTree = "<group>";
		};
		6FF08AFD298E861E004C1871 /* Products */ = {
			isa = PBXGroup;
			children = (
				6FF08AFC298E861E004C1871 /* Pokemon-6-Pack.app */,
			);
			name = Products;
			sourceTree = "<group>";
		};
		6FF08AFE298E861E004C1871 /* Pokemon-6-Pack */ = {
			isa = PBXGroup;
			children = (
				6FF08AFF298E861E004C1871 /* Pokemon_6_PackApp.swift */,
				6FF08B3729ABB067004C1871 /* Docs */,
				6FF08B0D298E9C44004C1871 /* Views */,
				6FF08B0E298E9C5B004C1871 /* ViewModels */,
				6FF08B0F298E9C68004C1871 /* Models */,
				6FF08B03298E861F004C1871 /* Assets.xcassets */,
				6FF08B05298E861F004C1871 /* Preview Content */,
			);
			path = "Pokemon-6-Pack";
			sourceTree = "<group>";
		};
		6FF08B05298E861F004C1871 /* Preview Content */ = {
			isa = PBXGroup;
			children = (
				6FF08B06298E861F004C1871 /* Preview Assets.xcassets */,
			);
			path = "Preview Content";
			sourceTree = "<group>";
		};
		6FF08B0D298E9C44004C1871 /* Views */ = {
			isa = PBXGroup;
			children = (
				6FF08B10298E9C8F004C1871 /* Main */,
				6FF08B11298E9C99004C1871 /* Detail */,
				6FF08B12298E9CA3004C1871 /* Components */,
			);
			path = Views;
			sourceTree = "<group>";
		};
		6FF08B0E298E9C5B004C1871 /* ViewModels */ = {
			isa = PBXGroup;
			children = (
				6FF08B1D298EAC73004C1871 /* PokemonViewModel.swift */,
				6FF08B3429ABA4F6004C1871 /* PokemonLocalViewModel.swift */,
				6FF08B28298ECE81004C1871 /* HTMLParser.swift */,
			);
			path = ViewModels;
			sourceTree = "<group>";
		};
		6FF08B0F298E9C68004C1871 /* Models */ = {
			isa = PBXGroup;
			children = (
				6FF08B1B298EA6BA004C1871 /* PokemonModel.swift */,
			);
			path = Models;
			sourceTree = "<group>";
		};
		6FF08B10298E9C8F004C1871 /* Main */ = {
			isa = PBXGroup;
			children = (
				6FF08B01298E861E004C1871 /* ContentView.swift */,
				6FF08B13298E9EAF004C1871 /* TabBar.swift */,
				6FF08B17298E9FF6004C1871 /* TeamView.swift */,
				6FF08B15298E9FE4004C1871 /* PokedexView.swift */,
				6FF08B19298EA010004C1871 /* SettingsView.swift */,
			);
			path = Main;
			sourceTree = "<group>";
		};
		6FF08B11298E9C99004C1871 /* Detail */ = {
			isa = PBXGroup;
			children = (
				6FF08B21298EB036004C1871 /* PokemonView.swift */,
				6FF08B3829ABC6F4004C1871 /* PokemonStatsBarView.swift */,
			);
			path = Detail;
			sourceTree = "<group>";
		};
		6FF08B12298E9CA3004C1871 /* Components */ = {
			isa = PBXGroup;
			children = (
				6FF08B1F298EAFAA004C1871 /* PokedexList.swift */,
				6FF08B23298EB3F9004C1871 /* PokemonCard.swift */,
			);
			path = Components;
			sourceTree = "<group>";
		};
		6FF08B3729ABB067004C1871 /* Docs */ = {
			isa = PBXGroup;
			children = (
				6FF08B3329ABA3E7004C1871 /* pokemon_db.json */,
			);
			path = Docs;
			sourceTree = "<group>";
		};
/* End PBXGroup section */

/* Begin PBXNativeTarget section */
		6FF08AFB298E861E004C1871 /* Pokemon-6-Pack */ = {
			isa = PBXNativeTarget;
			buildConfigurationList = 6FF08B0A298E861F004C1871 /* Build configuration list for PBXNativeTarget "Pokemon-6-Pack" */;
			buildPhases = (
				6FF08AF8298E861E004C1871 /* Sources */,
				6FF08AF9298E861E004C1871 /* Frameworks */,
				6FF08AFA298E861E004C1871 /* Resources */,
			);
			buildRules = (
			);
			dependencies = (
			);
			name = "Pokemon-6-Pack";
			packageProductDependencies = (
				6FF08B2B298ECFCC004C1871 /* SwiftSoup */,
				6FF08B2E298ED011004C1871 /* Alamofire */,
				6FF08B312992CC81004C1871 /* UICircularProgressRing */,
			);
			productName = "Pokemon-6-Pack";
			productReference = 6FF08AFC298E861E004C1871 /* Pokemon-6-Pack.app */;
			productType = "com.apple.product-type.application";
		};
/* End PBXNativeTarget section */

/* Begin PBXProject section */
		6FF08AF4298E861E004C1871 /* Project object */ = {
			isa = PBXProject;
			attributes = {
				BuildIndependentTargetsInParallel = 1;
				LastSwiftUpdateCheck = 1420;
				LastUpgradeCheck = 1420;
				TargetAttributes = {
					6FF08AFB298E861E004C1871 = {
						CreatedOnToolsVersion = 14.2;
					};
				};
			};
			buildConfigurationList = 6FF08AF7298E861E004C1871 /* Build configuration list for PBXProject "Pokemon-6-Pack" */;
			compatibilityVersion = "Xcode 14.0";
			developmentRegion = en;
			hasScannedForEncodings = 0;
			knownRegions = (
				en,
				Base,
			);
			mainGroup = 6FF08AF3298E861E004C1871;
			packageReferences = (
				6FF08B2A298ECFCC004C1871 /* XCRemoteSwiftPackageReference "SwiftSoup" */,
				6FF08B2D298ED011004C1871 /* XCRemoteSwiftPackageReference "Alamofire" */,
				6FF08B302992CC81004C1871 /* XCRemoteSwiftPackageReference "UICircularProgressRing" */,
			);
			productRefGroup = 6FF08AFD298E861E004C1871 /* Products */;
			projectDirPath = "";
			projectRoot = "";
			targets = (
				6FF08AFB298E861E004C1871 /* Pokemon-6-Pack */,
			);
		};
/* End PBXProject section */

/* Begin PBXResourcesBuildPhase section */
		6FF08AFA298E861E004C1871 /* Resources */ = {
			isa = PBXResourcesBuildPhase;
			buildActionMask = 2147483647;
			files = (
				6FF08B3629ABADE3004C1871 /* pokemon_db.json in Resources */,
				6FF08B07298E861F004C1871 /* Preview Assets.xcassets in Resources */,
				6FF08B04298E861F004C1871 /* Assets.xcassets in Resources */,
			);
			runOnlyForDeploymentPostprocessing = 0;
		};
/* End PBXResourcesBuildPhase section */

/* Begin PBXSourcesBuildPhase section */
		6FF08AF8298E861E004C1871 /* Sources */ = {
			isa = PBXSourcesBuildPhase;
			buildActionMask = 2147483647;
			files = (
				6FF08B24298EB3F9004C1871 /* PokemonCard.swift in Sources */,
				6FF08B14298E9EAF004C1871 /* TabBar.swift in Sources */,
				6FF08B02298E861E004C1871 /* ContentView.swift in Sources */,
				6FF08B20298EAFAA004C1871 /* PokedexList.swift in Sources */,
				6FF08B3929ABC6F4004C1871 /* PokemonStatsBarView.swift in Sources */,
				6FF08B3529ABA4F6004C1871 /* PokemonLocalViewModel.swift in Sources */,
				6FF08B18298E9FF6004C1871 /* TeamView.swift in Sources */,
				6FF08B1A298EA010004C1871 /* SettingsView.swift in Sources */,
				6FF08B1C298EA6BA004C1871 /* PokemonModel.swift in Sources */,
				6FF08B00298E861E004C1871 /* Pokemon_6_PackApp.swift in Sources */,
				6FF08B1E298EAC73004C1871 /* PokemonViewModel.swift in Sources */,
				6FF08B29298ECE81004C1871 /* HTMLParser.swift in Sources */,
				6FF08B22298EB036004C1871 /* PokemonView.swift in Sources */,
				6FF08B16298E9FE4004C1871 /* PokedexView.swift in Sources */,
			);
			runOnlyForDeploymentPostprocessing = 0;
		};
/* End PBXSourcesBuildPhase section */

/* Begin XCBuildConfiguration section */
		6FF08B08298E861F004C1871 /* Debug */ = {
			isa = XCBuildConfiguration;
			buildSettings = {
				ALWAYS_SEARCH_USER_PATHS = NO;
				CLANG_ANALYZER_NONNULL = YES;
				CLANG_ANALYZER_NUMBER_OBJECT_CONVERSION = YES_AGGRESSIVE;
				CLANG_CXX_LANGUAGE_STANDARD = "gnu++20";
				CLANG_ENABLE_MODULES = YES;
				CLANG_ENABLE_OBJC_ARC = YES;
				CLANG_ENABLE_OBJC_WEAK = YES;
				CLANG_WARN_BLOCK_CAPTURE_AUTORELEASING = YES;
				CLANG_WARN_BOOL_CONVERSION = YES;
				CLANG_WARN_COMMA = YES;
				CLANG_WARN_CONSTANT_CONVERSION = YES;
				CLANG_WARN_DEPRECATED_OBJC_IMPLEMENTATIONS = YES;
				CLANG_WARN_DIRECT_OBJC_ISA_USAGE = YES_ERROR;
				CLANG_WARN_DOCUMENTATION_COMMENTS = YES;
				CLANG_WARN_EMPTY_BODY = YES;
				CLANG_WARN_ENUM_CONVERSION = YES;
				CLANG_WARN_INFINITE_RECURSION = YES;
				CLANG_WARN_INT_CONVERSION = YES;
				CLANG_WARN_NON_LITERAL_NULL_CONVERSION = YES;
				CLANG_WARN_OBJC_IMPLICIT_RETAIN_SELF = YES;
				CLANG_WARN_OBJC_LITERAL_CONVERSION = YES;
				CLANG_WARN_OBJC_ROOT_CLASS = YES_ERROR;
				CLANG_WARN_QUOTED_INCLUDE_IN_FRAMEWORK_HEADER = YES;
				CLANG_WARN_RANGE_LOOP_ANALYSIS = YES;
				CLANG_WARN_STRICT_PROTOTYPES = YES;
				CLANG_WARN_SUSPICIOUS_MOVE = YES;
				CLANG_WARN_UNGUARDED_AVAILABILITY = YES_AGGRESSIVE;
				CLANG_WARN_UNREACHABLE_CODE = YES;
				CLANG_WARN__DUPLICATE_METHOD_MATCH = YES;
				COPY_PHASE_STRIP = NO;
				DEBUG_INFORMATION_FORMAT = dwarf;
				ENABLE_STRICT_OBJC_MSGSEND = YES;
				ENABLE_TESTABILITY = YES;
				GCC_C_LANGUAGE_STANDARD = gnu11;
				GCC_DYNAMIC_NO_PIC = NO;
				GCC_NO_COMMON_BLOCKS = YES;
				GCC_OPTIMIZATION_LEVEL = 0;
				GCC_PREPROCESSOR_DEFINITIONS = (
					"DEBUG=1",
					"$(inherited)",
				);
				GCC_WARN_64_TO_32_BIT_CONVERSION = YES;
				GCC_WARN_ABOUT_RETURN_TYPE = YES_ERROR;
				GCC_WARN_UNDECLARED_SELECTOR = YES;
				GCC_WARN_UNINITIALIZED_AUTOS = YES_AGGRESSIVE;
				GCC_WARN_UNUSED_FUNCTION = YES;
				GCC_WARN_UNUSED_VARIABLE = YES;
				IPHONEOS_DEPLOYMENT_TARGET = 16.2;
				MTL_ENABLE_DEBUG_INFO = INCLUDE_SOURCE;
				MTL_FAST_MATH = YES;
				ONLY_ACTIVE_ARCH = YES;
				SDKROOT = iphoneos;
				SWIFT_ACTIVE_COMPILATION_CONDITIONS = DEBUG;
				SWIFT_OPTIMIZATION_LEVEL = "-Onone";
			};
			name = Debug;
		};
		6FF08B09298E861F004C1871 /* Release */ = {
			isa = XCBuildConfiguration;
			buildSettings = {
				ALWAYS_SEARCH_USER_PATHS = NO;
				CLANG_ANALYZER_NONNULL = YES;
				CLANG_ANALYZER_NUMBER_OBJECT_CONVERSION = YES_AGGRESSIVE;
				CLANG_CXX_LANGUAGE_STANDARD = "gnu++20";
				CLANG_ENABLE_MODULES = YES;
				CLANG_ENABLE_OBJC_ARC = YES;
				CLANG_ENABLE_OBJC_WEAK = YES;
				CLANG_WARN_BLOCK_CAPTURE_AUTORELEASING = YES;
				CLANG_WARN_BOOL_CONVERSION = YES;
				CLANG_WARN_COMMA = YES;
				CLANG_WARN_CONSTANT_CONVERSION = YES;
				CLANG_WARN_DEPRECATED_OBJC_IMPLEMENTATIONS = YES;
				CLANG_WARN_DIRECT_OBJC_ISA_USAGE = YES_ERROR;
				CLANG_WARN_DOCUMENTATION_COMMENTS = YES;
				CLANG_WARN_EMPTY_BODY = YES;
				CLANG_WARN_ENUM_CONVERSION = YES;
				CLANG_WARN_INFINITE_RECURSION = YES;
				CLANG_WARN_INT_CONVERSION = YES;
				CLANG_WARN_NON_LITERAL_NULL_CONVERSION = YES;
				CLANG_WARN_OBJC_IMPLICIT_RETAIN_SELF = YES;
				CLANG_WARN_OBJC_LITERAL_CONVERSION = YES;
				CLANG_WARN_OBJC_ROOT_CLASS = YES_ERROR;
				CLANG_WARN_QUOTED_INCLUDE_IN_FRAMEWORK_HEADER = YES;
				CLANG_WARN_RANGE_LOOP_ANALYSIS = YES;
				CLANG_WARN_STRICT_PROTOTYPES = YES;
				CLANG_WARN_SUSPICIOUS_MOVE = YES;
				CLANG_WARN_UNGUARDED_AVAILABILITY = YES_AGGRESSIVE;
				CLANG_WARN_UNREACHABLE_CODE = YES;
				CLANG_WARN__DUPLICATE_METHOD_MATCH = YES;
				COPY_PHASE_STRIP = NO;
				DEBUG_INFORMATION_FORMAT = "dwarf-with-dsym";
				ENABLE_NS_ASSERTIONS = NO;
				ENABLE_STRICT_OBJC_MSGSEND = YES;
				GCC_C_LANGUAGE_STANDARD = gnu11;
				GCC_NO_COMMON_BLOCKS = YES;
				GCC_WARN_64_TO_32_BIT_CONVERSION = YES;
				GCC_WARN_ABOUT_RETURN_TYPE = YES_ERROR;
				GCC_WARN_UNDECLARED_SELECTOR = YES;
				GCC_WARN_UNINITIALIZED_AUTOS = YES_AGGRESSIVE;
				GCC_WARN_UNUSED_FUNCTION = YES;
				GCC_WARN_UNUSED_VARIABLE = YES;
				IPHONEOS_DEPLOYMENT_TARGET = 16.2;
				MTL_ENABLE_DEBUG_INFO = NO;
				MTL_FAST_MATH = YES;
				SDKROOT = iphoneos;
				SWIFT_COMPILATION_MODE = wholemodule;
				SWIFT_OPTIMIZATION_LEVEL = "-O";
				VALIDATE_PRODUCT = YES;
			};
			name = Release;
		};
		6FF08B0B298E861F004C1871 /* Debug */ = {
			isa = XCBuildConfiguration;
			buildSettings = {
				ASSETCATALOG_COMPILER_APPICON_NAME = AppIcon;
				ASSETCATALOG_COMPILER_GLOBAL_ACCENT_COLOR_NAME = AccentColor;
				CODE_SIGN_STYLE = Automatic;
				CURRENT_PROJECT_VERSION = 1;
				DEVELOPMENT_ASSET_PATHS = "\"Pokemon-6-Pack/Preview Content\"";
				ENABLE_PREVIEWS = YES;
				GENERATE_INFOPLIST_FILE = YES;
				INFOPLIST_KEY_UIApplicationSceneManifest_Generation = YES;
				INFOPLIST_KEY_UIApplicationSupportsIndirectInputEvents = YES;
				INFOPLIST_KEY_UILaunchScreen_Generation = YES;
				INFOPLIST_KEY_UISupportedInterfaceOrientations_iPad = "UIInterfaceOrientationPortrait UIInterfaceOrientationPortraitUpsideDown UIInterfaceOrientationLandscapeLeft UIInterfaceOrientationLandscapeRight";
				INFOPLIST_KEY_UISupportedInterfaceOrientations_iPhone = "UIInterfaceOrientationPortrait UIInterfaceOrientationLandscapeLeft UIInterfaceOrientationLandscapeRight";
				LD_RUNPATH_SEARCH_PATHS = (
					"$(inherited)",
					"@executable_path/Frameworks",
				);
				MARKETING_VERSION = 1.0;
				PRODUCT_BUNDLE_IDENTIFIER = "akrivdin.Pokemon-6-Pack";
				PRODUCT_NAME = "$(TARGET_NAME)";
				SWIFT_EMIT_LOC_STRINGS = YES;
				SWIFT_VERSION = 5.0;
				TARGETED_DEVICE_FAMILY = "1,2";
			};
			name = Debug;
		};
		6FF08B0C298E861F004C1871 /* Release */ = {
			isa = XCBuildConfiguration;
			buildSettings = {
				ASSETCATALOG_COMPILER_APPICON_NAME = AppIcon;
				ASSETCATALOG_COMPILER_GLOBAL_ACCENT_COLOR_NAME = AccentColor;
				CODE_SIGN_STYLE = Automatic;
				CURRENT_PROJECT_VERSION = 1;
				DEVELOPMENT_ASSET_PATHS = "\"Pokemon-6-Pack/Preview Content\"";
				ENABLE_PREVIEWS = YES;
				GENERATE_INFOPLIST_FILE = YES;
				INFOPLIST_KEY_UIApplicationSceneManifest_Generation = YES;
				INFOPLIST_KEY_UIApplicationSupportsIndirectInputEvents = YES;
				INFOPLIST_KEY_UILaunchScreen_Generation = YES;
				INFOPLIST_KEY_UISupportedInterfaceOrientations_iPad = "UIInterfaceOrientationPortrait UIInterfaceOrientationPortraitUpsideDown UIInterfaceOrientationLandscapeLeft UIInterfaceOrientationLandscapeRight";
				INFOPLIST_KEY_UISupportedInterfaceOrientations_iPhone = "UIInterfaceOrientationPortrait UIInterfaceOrientationLandscapeLeft UIInterfaceOrientationLandscapeRight";
				LD_RUNPATH_SEARCH_PATHS = (
					"$(inherited)",
					"@executable_path/Frameworks",
				);
				MARKETING_VERSION = 1.0;
				PRODUCT_BUNDLE_IDENTIFIER = "akrivdin.Pokemon-6-Pack";
				PRODUCT_NAME = "$(TARGET_NAME)";
				SWIFT_EMIT_LOC_STRINGS = YES;
				SWIFT_VERSION = 5.0;
				TARGETED_DEVICE_FAMILY = "1,2";
			};
			name = Release;
		};
/* End XCBuildConfiguration section */

/* Begin XCConfigurationList section */
		6FF08AF7298E861E004C1871 /* Build configuration list for PBXProject "Pokemon-6-Pack" */ = {
			isa = XCConfigurationList;
			buildConfigurations = (
				6FF08B08298E861F004C1871 /* Debug */,
				6FF08B09298E861F004C1871 /* Release */,
			);
			defaultConfigurationIsVisible = 0;
			defaultConfigurationName = Release;
		};
		6FF08B0A298E861F004C1871 /* Build configuration list for PBXNativeTarget "Pokemon-6-Pack" */ = {
			isa = XCConfigurationList;
			buildConfigurations = (
				6FF08B0B298E861F004C1871 /* Debug */,
				6FF08B0C298E861F004C1871 /* Release */,
			);
			defaultConfigurationIsVisible = 0;
			defaultConfigurationName = Release;
		};
/* End XCConfigurationList section */

/* Begin XCRemoteSwiftPackageReference section */
		6FF08B2A298ECFCC004C1871 /* XCRemoteSwiftPackageReference "SwiftSoup" */ = {
			isa = XCRemoteSwiftPackageReference;
			repositoryURL = "https://github.com/scinfu/SwiftSoup";
			requirement = {
				branch = master;
				kind = branch;
			};
		};
		6FF08B2D298ED011004C1871 /* XCRemoteSwiftPackageReference "Alamofire" */ = {
			isa = XCRemoteSwiftPackageReference;
			repositoryURL = "https://github.com/Alamofire/Alamofire";
			requirement = {
				branch = master;
				kind = branch;
			};
		};
		6FF08B302992CC81004C1871 /* XCRemoteSwiftPackageReference "UICircularProgressRing" */ = {
			isa = XCRemoteSwiftPackageReference;
			repositoryURL = "https://github.com/luispadron/UICircularProgressRing.git";
			requirement = {
				branch = master;
				kind = branch;
			};
		};
/* End XCRemoteSwiftPackageReference section */

/* Begin XCSwiftPackageProductDependency section */
		6FF08B2B298ECFCC004C1871 /* SwiftSoup */ = {
			isa = XCSwiftPackageProductDependency;
			package = 6FF08B2A298ECFCC004C1871 /* XCRemoteSwiftPackageReference "SwiftSoup" */;
			productName = SwiftSoup;
		};
		6FF08B2E298ED011004C1871 /* Alamofire */ = {
			isa = XCSwiftPackageProductDependency;
			package = 6FF08B2D298ED011004C1871 /* XCRemoteSwiftPackageReference "Alamofire" */;
			productName = Alamofire;
		};
		6FF08B312992CC81004C1871 /* UICircularProgressRing */ = {
			isa = XCSwiftPackageProductDependency;
			package = 6FF08B302992CC81004C1871 /* XCRemoteSwiftPackageReference "UICircularProgressRing" */;
			productName = UICircularProgressRing;
		};
/* End XCSwiftPackageProductDependency section */
	};
	rootObject = 6FF08AF4298E861E004C1871 /* Project object */;
}
